Microsoft Visual Studio Solution File, Format Version 12.00
# Visual Studio Version 17
VisualStudioVersion = 17.5.2.0
MinimumVisualStudioVersion = 10.0.40219.1
Project("{2150E333-8FDC-42A3-9474-1A3956D46DE8}") = "packages", "packages", "{809F86A1-1C4C-B159-0CD4-DF9D33D876CE}"
EndProject
Project("{FAE04EC0-301F-11D3-BF4B-00C04F79EFBC}") = "dotnet-sdk", "packages\dotnet-sdk\dotnet-sdk.csproj", "{C8B1961F-0DC3-C216-EF83-94260A080EAA}"
EndProject
Project("{2150E333-8FDC-42A3-9474-1A3956D46DE8}") = "dotnet-sdk (1)", "dotnet-sdk (1)", "{80BB3FD8-C0D4-FFC5-CB6F-078416825CC8}"
EndProject
Project("{FAE04EC0-301F-11D3-BF4B-00C04F79EFBC}") = "tests", "packages\dotnet-sdk\tests\tests.csproj", "{FAF7D380-B45F-C055-B8F4-C03D6D49C375}"
EndProject
Global
	GlobalSection(SolutionConfigurationPlatforms) = preSolution
		Debug|Any CPU = Debug|Any CPU
		Release|Any CPU = Release|Any CPU
	EndGlobalSection
	GlobalSection(ProjectConfigurationPlatforms) = postSolution
		{C8B1961F-0DC3-C216-EF83-94260A080EAA}.Debug|Any CPU.ActiveCfg = Debug|Any CPU
		{C8B1961F-0DC3-C216-EF83-94260A080EAA}.Debug|Any CPU.Build.0 = Debug|Any CPU
		{C8B1961F-0DC3-C216-EF83-94260A080EAA}.Release|Any CPU.ActiveCfg = Release|Any CPU
		{C8B1961F-0DC3-C216-EF83-94260A080EAA}.Release|Any CPU.Build.0 = Release|Any CPU
		{FAF7D380-B45F-C055-B8F4-C03D6D49C375}.Debug|Any CPU.ActiveCfg = Debug|Any CPU
		{FAF7D380-B45F-C055-B8F4-C03D6D49C375}.Debug|Any CPU.Build.0 = Debug|Any CPU
		{FAF7D380-B45F-C055-B8F4-C03D6D49C375}.Release|Any CPU.ActiveCfg = Release|Any CPU
		{FAF7D380-B45F-C055-B8F4-C03D6D49C375}.Release|Any CPU.Build.0 = Release|Any CPU
	EndGlobalSection
	GlobalSection(SolutionProperties) = preSolution
		HideSolutionNode = FALSE
	EndGlobalSection
	GlobalSection(NestedProjects) = preSolution
		{C8B1961F-0DC3-C216-EF83-94260A080EAA} = {809F86A1-1C4C-B159-0CD4-DF9D33D876CE}
		{80BB3FD8-C0D4-FFC5-CB6F-078416825CC8} = {809F86A1-1C4C-B159-0CD4-DF9D33D876CE}
		{FAF7D380-B45F-C055-B8F4-C03D6D49C375} = {80BB3FD8-C0D4-FFC5-CB6F-078416825CC8}
	EndGlobalSection
	GlobalSection(ExtensibilityGlobals) = postSolution
		SolutionGuid = {8247DF40-53D1-42FE-8FD3-71FE19AD96EB}
	EndGlobalSection
EndGlobal
